// !$*UTF8*$!
{
	archiveVersion = 1;
	classes = {
	};
	objectVersion = 55;
	objects = {

/* Begin PBXBuildFile section */
		DBA66F79270A8F3400FA5877 /* NewsAPIApp.swift in Sources */ = {isa = PBXBuildFile; fileRef = DBA66F78270A8F3400FA5877 /* NewsAPIApp.swift */; };
		DBA66F7B270A8F3400FA5877 /* ContentView.swift in Sources */ = {isa = PBXBuildFile; fileRef = DBA66F7A270A8F3400FA5877 /* ContentView.swift */; };
		DBA66F7D270A8F3A00FA5877 /* Assets.xcassets in Resources */ = {isa = PBXBuildFile; fileRef = DBA66F7C270A8F3A00FA5877 /* Assets.xcassets */; };
		DBA66F80270A8F3A00FA5877 /* Preview Assets.xcassets in Resources */ = {isa = PBXBuildFile; fileRef = DBA66F7F270A8F3A00FA5877 /* Preview Assets.xcassets */; };
		DBA66F8E270A98AF00FA5877 /* ModelNews.swift in Sources */ = {isa = PBXBuildFile; fileRef = DBA66F8D270A98AF00FA5877 /* ModelNews.swift */; };
		DBA66F90270A9B6300FA5877 /* NewsViewModel.swift in Sources */ = {isa = PBXBuildFile; fileRef = DBA66F8F270A9B6300FA5877 /* NewsViewModel.swift */; };
		DBE73279270AAB7D0012B59F /* SwiftyJSON in Frameworks */ = {isa = PBXBuildFile; productRef = DBE73278270AAB7D0012B59F /* SwiftyJSON */; };
		DBE7327C270AAB8E0012B59F /* SDWebImageSwiftUI in Frameworks */ = {isa = PBXBuildFile; productRef = DBE7327B270AAB8E0012B59F /* SDWebImageSwiftUI */; };
		DBE73280270ADADF0012B59F /* NewsDetail.swift in Sources */ = {isa = PBXBuildFile; fileRef = DBE7327F270ADADF0012B59F /* NewsDetail.swift */; };
/* End PBXBuildFile section */

/* Begin PBXFileReference section */
		DBA66F75270A8F3400FA5877 /* NewsAPI.app */ = {isa = PBXFileReference; explicitFileType = wrapper.application; includeInIndex = 0; path = NewsAPI.app; sourceTree = BUILT_PRODUCTS_DIR; };
		DBA66F78270A8F3400FA5877 /* NewsAPIApp.swift */ = {isa = PBXFileReference; lastKnownFileType = sourcecode.swift; path = NewsAPIApp.swift; sourceTree = "<group>"; };
		DBA66F7A270A8F3400FA5877 /* ContentView.swift */ = {isa = PBXFileReference; lastKnownFileType = sourcecode.swift; path = ContentView.swift; sourceTree = "<group>"; };
		DBA66F7C270A8F3A00FA5877 /* Assets.xcassets */ = {isa = PBXFileReference; lastKnownFileType = folder.assetcatalog; path = Assets.xcassets; sourceTree = "<group>"; };
		DBA66F7F270A8F3A00FA5877 /* Preview Assets.xcassets */ = {isa = PBXFileReference; lastKnownFileType = folder.assetcatalog; path = "Preview Assets.xcassets"; sourceTree = "<group>"; };
		DBA66F8D270A98AF00FA5877 /* ModelNews.swift */ = {isa = PBXFileReference; lastKnownFileType = sourcecode.swift; path = ModelNews.swift; sourceTree = "<group>"; };
		DBA66F8F270A9B6300FA5877 /* NewsViewModel.swift */ = {isa = PBXFileReference; lastKnownFileType = sourcecode.swift; path = NewsViewModel.swift; sourceTree = "<group>"; };
		DBE7327F270ADADF0012B59F /* NewsDetail.swift */ = {isa = PBXFileReference; lastKnownFileType = sourcecode.swift; path = NewsDetail.swift; sourceTree = "<group>"; };
/* End PBXFileReference section */

/* Begin PBXFrameworksBuildPhase section */
		DBA66F72270A8F3400FA5877 /* Frameworks */ = {
			isa = PBXFrameworksBuildPhase;
			buildActionMask = 2147483647;
			files = (
				DBE7327C270AAB8E0012B59F /* SDWebImageSwiftUI in Frameworks */,
				DBE73279270AAB7D0012B59F /* SwiftyJSON in Frameworks */,
			);
			runOnlyForDeploymentPostprocessing = 0;
		};
/* End PBXFrameworksBuildPhase section */

/* Begin PBXGroup section */
		DBA66F6C270A8F3300FA5877 = {
			isa = PBXGroup;
			children = (
				DBA66F77270A8F3400FA5877 /* NewsAPI */,
				DBA66F76270A8F3400FA5877 /* Products */,
			);
			sourceTree = "<group>";
		};
		DBA66F76270A8F3400FA5877 /* Products */ = {
			isa = PBXGroup;
			children = (
				DBA66F75270A8F3400FA5877 /* NewsAPI.app */,
			);
			name = Products;
			sourceTree = "<group>";
		};
		DBA66F77270A8F3400FA5877 /* NewsAPI */ = {
			isa = PBXGroup;
			children = (
				DBA66F8C270A94D100FA5877 /* View */,
				DBA66F8B270A94C000FA5877 /* ViewModel */,
				DBA66F8A270A94B500FA5877 /* Model */,
				DBA66F78270A8F3400FA5877 /* NewsAPIApp.swift */,
				DBA66F7C270A8F3A00FA5877 /* Assets.xcassets */,
				DBA66F7E270A8F3A00FA5877 /* Preview Content */,
			);
			path = NewsAPI;
			sourceTree = "<group>";
		};
		DBA66F7E270A8F3A00FA5877 /* Preview Content */ = {
			isa = PBXGroup;
			children = (
				DBA66F7F270A8F3A00FA5877 /* Preview Assets.xcassets */,
			);
			path = "Preview Content";
			sourceTree = "<group>";
		};
		DBA66F8A270A94B500FA5877 /* Model */ = {
			isa = PBXGroup;
			children = (
				DBA66F8D270A98AF00FA5877 /* ModelNews.swift */,
			);
			path = Model;
			sourceTree = "<group>";
		};
		DBA66F8B270A94C000FA5877 /* ViewModel */ = {
			isa = PBXGroup;
			children = (
				DBA66F8F270A9B6300FA5877 /* NewsViewModel.swift */,
			);
			path = ViewModel;
			sourceTree = "<group>";
		};
		DBA66F8C270A94D100FA5877 /* View */ = {
			isa = PBXGroup;
			children = (
				DBA66F7A270A8F3400FA5877 /* ContentView.swift */,
				DBE7327F270ADADF0012B59F /* NewsDetail.swift */,
			);
			path = View;
			sourceTree = "<group>";
		};
/* End PBXGroup section */

/* Begin PBXNativeTarget section */
		DBA66F74270A8F3400FA5877 /* NewsAPI */ = {
			isa = PBXNativeTarget;
			buildConfigurationList = DBA66F83270A8F3A00FA5877 /* Build configuration list for PBXNativeTarget "NewsAPI" */;
			buildPhases = (
				DBA66F71270A8F3400FA5877 /* Sources */,
				DBA66F72270A8F3400FA5877 /* Frameworks */,
				DBA66F73270A8F3400FA5877 /* Resources */,
			);
			buildRules = (
			);
			dependencies = (
			);
			name = NewsAPI;
			packageProductDependencies = (
				DBE73278270AAB7D0012B59F /* SwiftyJSON */,
				DBE7327B270AAB8E0012B59F /* SDWebImageSwiftUI */,
			);
			productName = NewsAPI;
			productReference = DBA66F75270A8F3400FA5877 /* NewsAPI.app */;
			productType = "com.apple.product-type.application";
		};
/* End PBXNativeTarget section */

/* Begin PBXProject section */
		DBA66F6D270A8F3300FA5877 /* Project object */ = {
			isa = PBXProject;
			attributes = {
				BuildIndependentTargetsInParallel = 1;
				LastSwiftUpdateCheck = 1300;
				LastUpgradeCheck = 1300;
				TargetAttributes = {
					DBA66F74270A8F3400FA5877 = {
						CreatedOnToolsVersion = 13.0;
					};
				};
			};
			buildConfigurationList = DBA66F70270A8F3300FA5877 /* Build configuration list for PBXProject "NewsAPI" */;
			compatibilityVersion = "Xcode 13.0";
			developmentRegion = en;
			hasScannedForEncodings = 0;
			knownRegions = (
				en,
				Base,
			);
			mainGroup = DBA66F6C270A8F3300FA5877;
			packageReferences = (
				DBE73277270AAB7D0012B59F /* XCRemoteSwiftPackageReference "SwiftyJSON" */,
				DBE7327A270AAB8E0012B59F /* XCRemoteSwiftPackageReference "SDWebImageSwiftUI" */,
			);
			productRefGroup = DBA66F76270A8F3400FA5877 /* Products */;
			projectDirPath = "";
			projectRoot = "";
			targets = (
				DBA66F74270A8F3400FA5877 /* NewsAPI */,
			);
		};
/* End PBXProject section */

/* Begin PBXResourcesBuildPhase section */
		DBA66F73270A8F3400FA5877 /* Resources */ = {
			isa = PBXResourcesBuildPhase;
			buildActionMask = 2147483647;
			files = (
				DBA66F80270A8F3A00FA5877 /* Preview Assets.xcassets in Resources */,
				DBA66F7D270A8F3A00FA5877 /* Assets.xcassets in Resources */,
			);
			runOnlyForDeploymentPostprocessing = 0;
		};
/* End PBXResourcesBuildPhase section */

/* Begin PBXSourcesBuildPhase section */
		DBA66F71270A8F3400FA5877 /* Sources */ = {
			isa = PBXSourcesBuildPhase;
			buildActionMask = 2147483647;
			files = (
				DBA66F7B270A8F3400FA5877 /* ContentView.swift in Sources */,
				DBA66F8E270A98AF00FA5877 /* ModelNews.swift in Sources */,
				DBA66F79270A8F3400FA5877 /* NewsAPIApp.swift in Sources */,
				DBE73280270ADADF0012B59F /* NewsDetail.swift in Sources */,
				DBA66F90270A9B6300FA5877 /* NewsViewModel.swift in Sources */,
			);
			runOnlyForDeploymentPostprocessing = 0;
		};
/* End PBXSourcesBuildPhase section */

/* Begin XCBuildConfiguration section */
		DBA66F81270A8F3A00FA5877 /* Debug */ = {
			isa = XCBuildConfiguration;
			buildSettings = {
				ALWAYS_SEARCH_USER_PATHS = NO;
				CLANG_ANALYZER_NONNULL = YES;
				CLANG_ANALYZER_NUMBER_OBJECT_CONVERSION = YES_AGGRESSIVE;
				CLANG_CXX_LANGUAGE_STANDARD = "gnu++17";
				CLANG_CXX_LIBRARY = "libc++";
				CLANG_ENABLE_MODULES = YES;
				CLANG_ENABLE_OBJC_ARC = YES;
				CLANG_ENABLE_OBJC_WEAK = YES;
				CLANG_WARN_BLOCK_CAPTURE_AUTORELEASING = YES;
				CLANG_WARN_BOOL_CONVERSION = YES;
				CLANG_WARN_COMMA = YES;
				CLANG_WARN_CONSTANT_CONVERSION = YES;
				CLANG_WARN_DEPRECATED_OBJC_IMPLEMENTATIONS = YES;
				CLANG_WARN_DIRECT_OBJC_ISA_USAGE = YES_ERROR;
				CLANG_WARN_DOCUMENTATION_COMMENTS = YES;
				CLANG_WARN_EMPTY_BODY = YES;
				CLANG_WARN_ENUM_CONVERSION = YES;
				CLANG_WARN_INFINITE_RECURSION = YES;
				CLANG_WARN_INT_CONVERSION = YES;
				CLANG_WARN_NON_LITERAL_NULL_CONVERSION = YES;
				CLANG_WARN_OBJC_IMPLICIT_RETAIN_SELF = YES;
				CLANG_WARN_OBJC_LITERAL_CONVERSION = YES;
				CLANG_WARN_OBJC_ROOT_CLASS = YES_ERROR;
				CLANG_WARN_QUOTED_INCLUDE_IN_FRAMEWORK_HEADER = YES;
				CLANG_WARN_RANGE_LOOP_ANALYSIS = YES;
				CLANG_WARN_STRICT_PROTOTYPES = YES;
				CLANG_WARN_SUSPICIOUS_MOVE = YES;
				CLANG_WARN_UNGUARDED_AVAILABILITY = YES_AGGRESSIVE;
				CLANG_WARN_UNREACHABLE_CODE = YES;
				CLANG_WARN__DUPLICATE_METHOD_MATCH = YES;
				COPY_PHASE_STRIP = NO;
				DEBUG_INFORMATION_FORMAT = dwarf;
				ENABLE_STRICT_OBJC_MSGSEND = YES;
				ENABLE_TESTABILITY = YES;
				GCC_C_LANGUAGE_STANDARD = gnu11;
				GCC_DYNAMIC_NO_PIC = NO;
				GCC_NO_COMMON_BLOCKS = YES;
				GCC_OPTIMIZATION_LEVEL = 0;
				GCC_PREPROCESSOR_DEFINITIONS = (
					"DEBUG=1",
					"$(inherited)",
				);
				GCC_WARN_64_TO_32_BIT_CONVERSION = YES;
				GCC_WARN_ABOUT_RETURN_TYPE = YES_ERROR;
				GCC_WARN_UNDECLARED_SELECTOR = YES;
				GCC_WARN_UNINITIALIZED_AUTOS = YES_AGGRESSIVE;
				GCC_WARN_UNUSED_FUNCTION = YES;
				GCC_WARN_UNUSED_VARIABLE = YES;
				IPHONEOS_DEPLOYMENT_TARGET = 15.0;
				MTL_ENABLE_DEBUG_INFO = INCLUDE_SOURCE;
				MTL_FAST_MATH = YES;
				ONLY_ACTIVE_ARCH = YES;
				SDKROOT = iphoneos;
				SWIFT_ACTIVE_COMPILATION_CONDITIONS = DEBUG;
				SWIFT_OPTIMIZATION_LEVEL = "-Onone";
			};
			name = Debug;
		};
		DBA66F82270A8F3A00FA5877 /* Release */ = {
			isa = XCBuildConfiguration;
			buildSettings = {
				ALWAYS_SEARCH_USER_PATHS = NO;
				CLANG_ANALYZER_NONNULL = YES;
				CLANG_ANALYZER_NUMBER_OBJECT_CONVERSION = YES_AGGRESSIVE;
				CLANG_CXX_LANGUAGE_STANDARD = "gnu++17";
				CLANG_CXX_LIBRARY = "libc++";
				CLANG_ENABLE_MODULES = YES;
				CLANG_ENABLE_OBJC_ARC = YES;
				CLANG_ENABLE_OBJC_WEAK = YES;
				CLANG_WARN_BLOCK_CAPTURE_AUTORELEASING = YES;
				CLANG_WARN_BOOL_CONVERSION = YES;
				CLANG_WARN_COMMA = YES;
				CLANG_WARN_CONSTANT_CONVERSION = YES;
				CLANG_WARN_DEPRECATED_OBJC_IMPLEMENTATIONS = YES;
				CLANG_WARN_DIRECT_OBJC_ISA_USAGE = YES_ERROR;
				CLANG_WARN_DOCUMENTATION_COMMENTS = YES;
				CLANG_WARN_EMPTY_BODY = YES;
				CLANG_WARN_ENUM_CONVERSION = YES;
				CLANG_WARN_INFINITE_RECURSION = YES;
				CLANG_WARN_INT_CONVERSION = YES;
				CLANG_WARN_NON_LITERAL_NULL_CONVERSION = YES;
				CLANG_WARN_OBJC_IMPLICIT_RETAIN_SELF = YES;
				CLANG_WARN_OBJC_LITERAL_CONVERSION = YES;
				CLANG_WARN_OBJC_ROOT_CLASS = YES_ERROR;
				CLANG_WARN_QUOTED_INCLUDE_IN_FRAMEWORK_HEADER = YES;
				CLANG_WARN_RANGE_LOOP_ANALYSIS = YES;
				CLANG_WARN_STRICT_PROTOTYPES = YES;
				CLANG_WARN_SUSPICIOUS_MOVE = YES;
				CLANG_WARN_UNGUARDED_AVAILABILITY = YES_AGGRESSIVE;
				CLANG_WARN_UNREACHABLE_CODE = YES;
				CLANG_WARN__DUPLICATE_METHOD_MATCH = YES;
				COPY_PHASE_STRIP = NO;
				DEBUG_INFORMATION_FORMAT = "dwarf-with-dsym";
				ENABLE_NS_ASSERTIONS = NO;
				ENABLE_STRICT_OBJC_MSGSEND = YES;
				GCC_C_LANGUAGE_STANDARD = gnu11;
				GCC_NO_COMMON_BLOCKS = YES;
				GCC_WARN_64_TO_32_BIT_CONVERSION = YES;
				GCC_WARN_ABOUT_RETURN_TYPE = YES_ERROR;
				GCC_WARN_UNDECLARED_SELECTOR = YES;
				GCC_WARN_UNINITIALIZED_AUTOS = YES_AGGRESSIVE;
				GCC_WARN_UNUSED_FUNCTION = YES;
				GCC_WARN_UNUSED_VARIABLE = YES;
				IPHONEOS_DEPLOYMENT_TARGET = 15.0;
				MTL_ENABLE_DEBUG_INFO = NO;
				MTL_FAST_MATH = YES;
				SDKROOT = iphoneos;
				SWIFT_COMPILATION_MODE = wholemodule;
				SWIFT_OPTIMIZATION_LEVEL = "-O";
				VALIDATE_PRODUCT = YES;
			};
			name = Release;
		};
		DBA66F84270A8F3A00FA5877 /* Debug */ = {
			isa = XCBuildConfiguration;
			buildSettings = {
				ASSETCATALOG_COMPILER_APPICON_NAME = AppIcon;
				ASSETCATALOG_COMPILER_GLOBAL_ACCENT_COLOR_NAME = AccentColor;
				CODE_SIGN_STYLE = Automatic;
				CURRENT_PROJECT_VERSION = 1;
				DEVELOPMENT_ASSET_PATHS = "\"NewsAPI/Preview Content\"";
				ENABLE_PREVIEWS = YES;
				GENERATE_INFOPLIST_FILE = YES;
				INFOPLIST_KEY_UIApplicationSceneManifest_Generation = YES;
				INFOPLIST_KEY_UIApplicationSupportsIndirectInputEvents = YES;
				INFOPLIST_KEY_UILaunchScreen_Generation = YES;
				INFOPLIST_KEY_UISupportedInterfaceOrientations_iPad = "UIInterfaceOrientationPortrait UIInterfaceOrientationPortraitUpsideDown UIInterfaceOrientationLandscapeLeft UIInterfaceOrientationLandscapeRight";
				INFOPLIST_KEY_UISupportedInterfaceOrientations_iPhone = "UIInterfaceOrientationPortrait UIInterfaceOrientationLandscapeLeft UIInterfaceOrientationLandscapeRight";
				IPHONEOS_DEPLOYMENT_TARGET = 14.0;
				LD_RUNPATH_SEARCH_PATHS = (
					"$(inherited)",
					"@executable_path/Frameworks",
				);
				MARKETING_VERSION = 1.0;
				PRODUCT_BUNDLE_IDENTIFIER = com.kamil.NewsAPI;
				PRODUCT_NAME = "$(TARGET_NAME)";
				SWIFT_EMIT_LOC_STRINGS = YES;
				SWIFT_VERSION = 5.0;
				TARGETED_DEVICE_FAMILY = "1,2";
			};
			name = Debug;
		};
		DBA66F85270A8F3A00FA5877 /* Release */ = {
			isa = XCBuildConfiguration;
			buildSettings = {
				ASSETCATALOG_COMPILER_APPICON_NAME = AppIcon;
				ASSETCATALOG_COMPILER_GLOBAL_ACCENT_COLOR_NAME = AccentColor;
				CODE_SIGN_STYLE = Automatic;
				CURRENT_PROJECT_VERSION = 1;
				DEVELOPMENT_ASSET_PATHS = "\"NewsAPI/Preview Content\"";
				ENABLE_PREVIEWS = YES;
				GENERATE_INFOPLIST_FILE = YES;
				INFOPLIST_KEY_UIApplicationSceneManifest_Generation = YES;
				INFOPLIST_KEY_UIApplicationSupportsIndirectInputEvents = YES;
				INFOPLIST_KEY_UILaunchScreen_Generation = YES;
				INFOPLIST_KEY_UISupportedInterfaceOrientations_iPad = "UIInterfaceOrientationPortrait UIInterfaceOrientationPortraitUpsideDown UIInterfaceOrientationLandscapeLeft UIInterfaceOrientationLandscapeRight";
				INFOPLIST_KEY_UISupportedInterfaceOrientations_iPhone = "UIInterfaceOrientationPortrait UIInterfaceOrientationLandscapeLeft UIInterfaceOrientationLandscapeRight";
				IPHONEOS_DEPLOYMENT_TARGET = 14.0;
				LD_RUNPATH_SEARCH_PATHS = (
					"$(inherited)",
					"@executable_path/Frameworks",
				);
				MARKETING_VERSION = 1.0;
				PRODUCT_BUNDLE_IDENTIFIER = com.kamil.NewsAPI;
				PRODUCT_NAME = "$(TARGET_NAME)";
				SWIFT_EMIT_LOC_STRINGS = YES;
				SWIFT_VERSION = 5.0;
				TARGETED_DEVICE_FAMILY = "1,2";
			};
			name = Release;
		};
/* End XCBuildConfiguration section */

/* Begin XCConfigurationList section */
		DBA66F70270A8F3300FA5877 /* Build configuration list for PBXProject "NewsAPI" */ = {
			isa = XCConfigurationList;
			buildConfigurations = (
				DBA66F81270A8F3A00FA5877 /* Debug */,
				DBA66F82270A8F3A00FA5877 /* Release */,
			);
			defaultConfigurationIsVisible = 0;
			defaultConfigurationName = Release;
		};
		DBA66F83270A8F3A00FA5877 /* Build configuration list for PBXNativeTarget "NewsAPI" */ = {
			isa = XCConfigurationList;
			buildConfigurations = (
				DBA66F84270A8F3A00FA5877 /* Debug */,
				DBA66F85270A8F3A00FA5877 /* Release */,
			);
			defaultConfigurationIsVisible = 0;
			defaultConfigurationName = Release;
		};
/* End XCConfigurationList section */

/* Begin XCRemoteSwiftPackageReference section */
		DBE73277270AAB7D0012B59F /* XCRemoteSwiftPackageReference "SwiftyJSON" */ = {
			isa = XCRemoteSwiftPackageReference;
			repositoryURL = "https://github.com/SwiftyJSON/SwiftyJSON.git";
			requirement = {
				branch = master;
				kind = branch;
			};
		};
		DBE7327A270AAB8E0012B59F /* XCRemoteSwiftPackageReference "SDWebImageSwiftUI" */ = {
			isa = XCRemoteSwiftPackageReference;
			repositoryURL = "https://github.com/SDWebImage/SDWebImageSwiftUI.git";
			requirement = {
				branch = master;
				kind = branch;
			};
		};
/* End XCRemoteSwiftPackageReference section */

/* Begin XCSwiftPackageProductDependency section */
		DBE73278270AAB7D0012B59F /* SwiftyJSON */ = {
			isa = XCSwiftPackageProductDependency;
			package = DBE73277270AAB7D0012B59F /* XCRemoteSwiftPackageReference "SwiftyJSON" */;
			productName = SwiftyJSON;
		};
		DBE7327B270AAB8E0012B59F /* SDWebImageSwiftUI */ = {
			isa = XCSwiftPackageProductDependency;
			package = DBE7327A270AAB8E0012B59F /* XCRemoteSwiftPackageReference "SDWebImageSwiftUI" */;
			productName = SDWebImageSwiftUI;
		};
/* End XCSwiftPackageProductDependency section */
	};
	rootObject = DBA66F6D270A8F3300FA5877 /* Project object */;
}
